
Microsoft Visual Studio Solution File, Format Version 12.00
# Visual Studio Version 17
VisualStudioVersion = 17.9.34728.123
MinimumVisualStudioVersion = 10.0.40219.1
Project("{FAE04EC0-301F-11D3-BF4B-00C04F79EFBC}") = "ChatAppNet", "ChatAppNet\ChatAppNet.csproj", "{8E1696EA-7541-4CCF-9816-11D1A906836C}"
EndProject
Project("{FAE04EC0-301F-11D3-BF4B-00C04F79EFBC}") = "ChatClient", "ChatClient\ChatClient.csproj", "{C102B4EF-DC02-46BB-95F0-4BFA43F24C69}"
EndProject
Global
	GlobalSection(SolutionConfigurationPlatforms) = preSolution
		Debug|Any CPU = Debug|Any CPU
		Release|Any CPU = Release|Any CPU
	EndGlobalSection
	GlobalSection(ProjectConfigurationPlatforms) = postSolution
		{8E1696EA-7541-4CCF-9816-11D1A906836C}.Debug|Any CPU.ActiveCfg = Debug|Any CPU
		{8E1696EA-7541-4CCF-9816-11D1A906836C}.Debug|Any CPU.Build.0 = Debug|Any CPU
		{8E1696EA-7541-4CCF-9816-11D1A906836C}.Release|Any CPU.ActiveCfg = Release|Any CPU
		{8E1696EA-7541-4CCF-9816-11D1A906836C}.Release|Any CPU.Build.0 = Release|Any CPU
		{C102B4EF-DC02-46BB-95F0-4BFA43F24C69}.Debug|Any CPU.ActiveCfg = Debug|Any CPU
		{C102B4EF-DC02-46BB-95F0-4BFA43F24C69}.Debug|Any CPU.Build.0 = Debug|Any CPU
		{C102B4EF-DC02-46BB-95F0-4BFA43F24C69}.Release|Any CPU.ActiveCfg = Release|Any CPU
		{C102B4EF-DC02-46BB-95F0-4BFA43F24C69}.Release|Any CPU.Build.0 = Release|Any CPU
	EndGlobalSection
	GlobalSection(SolutionProperties) = preSolution
		HideSolutionNode = FALSE
	EndGlobalSection
	GlobalSection(ExtensibilityGlobals) = postSolution
		SolutionGuid = {65A2F673-89ED-42DA-ADBC-50A418599C3C}
	EndGlobalSection
EndGlobal
